{
  "name": "@wildboar/asn1-parser",
  "version": "1.0.2",
  "lockfileVersion": 3,
  "requires": true,
  "packages": {
    "": {
      "name": "@wildboar/asn1-parser",
      "version": "1.0.2",
      "license": "MIT",
      "dependencies": {
        "asn1-ts": "^11.1.0",
        "dependency-graph": "^1.0.0"
      },
      "devDependencies": {
        "@types/lodash": "^4.17.24"
      }
    },
    "node_modules/@types/lodash": {
      "version": "4.17.24",
      "resolved": "https://registry.npmjs.org/@types/lodash/-/lodash-4.17.24.tgz",
      "integrity": "sha512-gIW7lQLZbue7lRSWEFql49QJJWThrTFFeIMJdp3eH4tKoxm1OvEPg02rm4wCCSHS0cL3/Fizimb35b7k8atwsQ==",
      "dev": true,
      "license": "MIT"
    },
    "node_modules/asn1-ts": {
      "version": "11.1.0",
      "resolved": "https://registry.npmjs.org/asn1-ts/-/asn1-ts-11.1.0.tgz",
      "integrity": "sha512-CpmMTBhSn3c9uCyT7GAui+VhplZLLvVAPWwcHgZKaeGDqx8R4OJfJGTenJZ0ZpGg70Q/OTd9TWUT8zDuBzb78w==",
      "license": "MIT"
    },
    "node_modules/dependency-graph": {
      "version": "1.0.0",
      "resolved": "https://registry.npmjs.org/dependency-graph/-/dependency-graph-1.0.0.tgz",
      "integrity": "sha512-cW3gggJ28HZ/LExwxP2B++aiKxhJXMSIt9K48FOXQkm+vuG5gyatXnLsONRJdzO/7VfjDIiaOOa/bs4l464Lwg==",
      "license": "MIT",
      "engines": {
        "node": ">=4"
      }
    }
  }
}
